{
    "name": "dependency-consistency",
    "version": "1.1.0",
    "lockfileVersion": 2,
    "requires": true,
    "packages": {
        "": {
            "name": "dependency-consistency",
            "version": "1.1.0",
            "license": "MIT",
            "dependencies": {
                "@yarnpkg/lockfile": "^1.1.0",
                "semver-sort": "^1.0.0",
                "yaml": "^1.10.2"
            },
            "bin": {
                "dependency-consistency": "run.sh"
            },
            "devDependencies": {
                "@types/node": "^18.15.11",
                "@types/semver-sort": "^0.0.1",
                "@types/yaml": "^1.9.7",
                "@types/yarnpkg__lockfile": "^1.1.6",
                "typescript": "^4.3.2"
            }
        },
        "node_modules/@types/node": {
            "version": "18.15.11",
            "resolved": "https://registry.npmjs.org/@types/node/-/node-18.15.11.tgz",
            "integrity": "sha512-E5Kwq2n4SbMzQOn6wnmBjuK9ouqlURrcZDVfbo9ftDDTFt3nk7ZKK4GMOzoYgnpQJKcxwQw+lGaBvvlMo0qN/Q==",
            "dev": true
        },
        "node_modules/@types/semver-sort": {
            "version": "0.0.1",
            "resolved": "https://registry.npmjs.org/@types/semver-sort/-/semver-sort-0.0.1.tgz",
            "integrity": "sha512-abYNwum55FpJWDxcWjT1eNI3J5/KXS7cWY7KUgbr/l/vn/5vaB1ejUpipLPZba8BvdbJBAJCWIXfJYZvc4SwTA==",
            "dev": true
        },
        "node_modules/@types/yaml": {
            "version": "1.9.7",
            "resolved": "https://registry.npmjs.org/@types/yaml/-/yaml-1.9.7.tgz",
            "integrity": "sha512-8WMXRDD1D+wCohjfslHDgICd2JtMATZU8CkhH8LVJqcJs6dyYj5TGptzP8wApbmEullGBSsCEzzap73DQ1HJaA==",
            "deprecated": "This is a stub types definition. yaml provides its own type definitions, so you do not need this installed.",
            "dev": true,
            "dependencies": {
                "yaml": "*"
            }
        },
        "node_modules/@types/yarnpkg__lockfile": {
            "version": "1.1.6",
            "resolved": "https://registry.npmjs.org/@types/yarnpkg__lockfile/-/yarnpkg__lockfile-1.1.6.tgz",
            "integrity": "sha512-kbdQa3J+hVCkqmGQm31fthEwGxszZtepw84p9QGCiJB7TmiPqPAf3/g9eZUnkCeanmiFOaG4pVhiPDyqJxaoaw==",
            "dev": true
        },
        "node_modules/@yarnpkg/lockfile": {
            "version": "1.1.0",
            "resolved": "https://registry.npmjs.org/@yarnpkg/lockfile/-/lockfile-1.1.0.tgz",
            "integrity": "sha512-GpSwvyXOcOOlV70vbnzjj4fW5xW/FdUF6nQEt1ENy7m4ZCczi1+/buVUPAqmGfqznsORNFzUMjctTIp8a9tuCQ=="
        },
        "node_modules/semver": {
            "version": "5.7.2",
            "resolved": "https://registry.npmjs.org/semver/-/semver-5.7.2.tgz",
            "integrity": "sha512-cBznnQ9KjJqU67B52RMC65CMarK2600WFnbkcaiwWq3xy/5haFJlshgnpjovMVJ+Hff49d8GEn0b87C5pDQ10g==",
            "bin": {
                "semver": "bin/semver"
            }
        },
        "node_modules/semver-regex": {
            "version": "3.1.4",
            "resolved": "https://registry.npmjs.org/semver-regex/-/semver-regex-3.1.4.tgz",
            "integrity": "sha512-6IiqeZNgq01qGf0TId0t3NvKzSvUsjcpdEO3AQNeIjR6A2+ckTnQlDpl4qu1bjRv0RzN3FP9hzFmws3lKqRWkA==",
            "engines": {
                "node": ">=8"
            },
            "funding": {
                "url": "https://github.com/sponsors/sindresorhus"
            }
        },
        "node_modules/semver-sort": {
            "version": "1.0.0",
            "resolved": "https://registry.npmjs.org/semver-sort/-/semver-sort-1.0.0.tgz",
            "integrity": "sha512-JicVlQKz/C//4BiPmbHEDou6HihXxo5xqB/8Hm9FaLJ6HHkRRvYgCECq4u/z0XF8kyJQ/KAZt++A/kYz/oOSSg==",
            "dependencies": {
                "semver": "^5.0.3",
                "semver-regex": "^3.1.2"
            },
            "engines": {
                "node": ">=0.10.0"
            }
        },
        "node_modules/typescript": {
            "version": "4.9.5",
            "resolved": "https://registry.npmjs.org/typescript/-/typescript-4.9.5.tgz",
            "integrity": "sha512-1FXk9E2Hm+QzZQ7z+McJiHL4NW1F2EzMu9Nq9i3zAaGqibafqYwCVU6WyWAuyQRRzOlxou8xZSyXLEN8oKj24g==",
            "dev": true,
            "bin": {
                "tsc": "bin/tsc",
                "tsserver": "bin/tsserver"
            },
            "engines": {
                "node": ">=4.2.0"
            }
        },
        "node_modules/yaml": {
            "version": "1.10.2",
            "resolved": "https://registry.npmjs.org/yaml/-/yaml-1.10.2.tgz",
            "integrity": "sha512-r3vXyErRCYJ7wg28yvBY5VSoAF8ZvlcW9/BwUzEtUsjvX/DKs24dIkuwjtuprwJJHsbyUbLApepYTR1BN4uHrg==",
            "engines": {
                "node": ">= 6"
            }
        }
    },
    "dependencies": {
        "@types/node": {
            "version": "18.15.11",
            "resolved": "https://registry.npmjs.org/@types/node/-/node-18.15.11.tgz",
            "integrity": "sha512-E5Kwq2n4SbMzQOn6wnmBjuK9ouqlURrcZDVfbo9ftDDTFt3nk7ZKK4GMOzoYgnpQJKcxwQw+lGaBvvlMo0qN/Q==",
            "dev": true
        },
        "@types/semver-sort": {
            "version": "0.0.1",
            "resolved": "https://registry.npmjs.org/@types/semver-sort/-/semver-sort-0.0.1.tgz",
            "integrity": "sha512-abYNwum55FpJWDxcWjT1eNI3J5/KXS7cWY7KUgbr/l/vn/5vaB1ejUpipLPZba8BvdbJBAJCWIXfJYZvc4SwTA==",
            "dev": true
        },
        "@types/yaml": {
            "version": "1.9.7",
            "resolved": "https://registry.npmjs.org/@types/yaml/-/yaml-1.9.7.tgz",
            "integrity": "sha512-8WMXRDD1D+wCohjfslHDgICd2JtMATZU8CkhH8LVJqcJs6dyYj5TGptzP8wApbmEullGBSsCEzzap73DQ1HJaA==",
            "dev": true,
            "requires": {
                "yaml": "*"
            }
        },
        "@types/yarnpkg__lockfile": {
            "version": "1.1.6",
            "resolved": "https://registry.npmjs.org/@types/yarnpkg__lockfile/-/yarnpkg__lockfile-1.1.6.tgz",
            "integrity": "sha512-kbdQa3J+hVCkqmGQm31fthEwGxszZtepw84p9QGCiJB7TmiPqPAf3/g9eZUnkCeanmiFOaG4pVhiPDyqJxaoaw==",
            "dev": true
        },
        "@yarnpkg/lockfile": {
            "version": "1.1.0",
            "resolved": "https://registry.npmjs.org/@yarnpkg/lockfile/-/lockfile-1.1.0.tgz",
            "integrity": "sha512-GpSwvyXOcOOlV70vbnzjj4fW5xW/FdUF6nQEt1ENy7m4ZCczi1+/buVUPAqmGfqznsORNFzUMjctTIp8a9tuCQ=="
        },
        "semver": {
            "version": "5.7.2",
            "resolved": "https://registry.npmjs.org/semver/-/semver-5.7.2.tgz",
            "integrity": "sha512-cBznnQ9KjJqU67B52RMC65CMarK2600WFnbkcaiwWq3xy/5haFJlshgnpjovMVJ+Hff49d8GEn0b87C5pDQ10g=="
        },
        "semver-regex": {
            "version": "3.1.4",
            "resolved": "https://registry.npmjs.org/semver-regex/-/semver-regex-3.1.4.tgz",
            "integrity": "sha512-6IiqeZNgq01qGf0TId0t3NvKzSvUsjcpdEO3AQNeIjR6A2+ckTnQlDpl4qu1bjRv0RzN3FP9hzFmws3lKqRWkA=="
        },
        "semver-sort": {
            "version": "1.0.0",
            "resolved": "https://registry.npmjs.org/semver-sort/-/semver-sort-1.0.0.tgz",
            "integrity": "sha512-JicVlQKz/C//4BiPmbHEDou6HihXxo5xqB/8Hm9FaLJ6HHkRRvYgCECq4u/z0XF8kyJQ/KAZt++A/kYz/oOSSg==",
            "requires": {
                "semver": "^5.0.3",
                "semver-regex": "^3.1.2"
            }
        },
        "typescript": {
            "version": "4.9.5",
            "resolved": "https://registry.npmjs.org/typescript/-/typescript-4.9.5.tgz",
            "integrity": "sha512-1FXk9E2Hm+QzZQ7z+McJiHL4NW1F2EzMu9Nq9i3zAaGqibafqYwCVU6WyWAuyQRRzOlxou8xZSyXLEN8oKj24g==",
            "dev": true
        },
        "yaml": {
            "version": "1.10.2",
            "resolved": "https://registry.npmjs.org/yaml/-/yaml-1.10.2.tgz",
            "integrity": "sha512-r3vXyErRCYJ7wg28yvBY5VSoAF8ZvlcW9/BwUzEtUsjvX/DKs24dIkuwjtuprwJJHsbyUbLApepYTR1BN4uHrg=="
        }
    }
}
