{
	"name": "dependency-consistency",
	"version": "3.0.0",
	"lockfileVersion": 3,
	"requires": true,
	"packages": {
		"": {
			"name": "dependency-consistency",
			"version": "3.0.0",
			"license": "MIT",
			"dependencies": {
				"@yarnpkg/lockfile": "^1.1.0",
				"pip-requirements-js": "^1.0.2",
				"semver-sort": "^1.0.0",
				"smol-toml": "^1.4.2",
				"yaml": "^2.8.1"
			},
			"bin": {
				"dependency-consistency": "index.cjs"
			},
			"devDependencies": {
				"@types/node": "^24.9.1",
				"@types/semver-sort": "^0.0.5",
				"@types/yaml": "^1.9.7",
				"@types/yarnpkg__lockfile": "^1.1.9",
				"typescript": "^5.9.3"
			}
		},
		"node_modules/@types/node": {
			"version": "24.9.1",
			"resolved": "https://registry.npmjs.org/@types/node/-/node-24.9.1.tgz",
			"integrity": "sha512-QoiaXANRkSXK6p0Duvt56W208du4P9Uye9hWLWgGMDTEoKPhuenzNcC4vGUmrNkiOKTlIrBoyNQYNpSwfEZXSg==",
			"dev": true,
			"license": "MIT",
			"dependencies": {
				"undici-types": "~7.16.0"
			}
		},
		"node_modules/@types/semver-sort": {
			"version": "0.0.5",
			"resolved": "https://registry.npmjs.org/@types/semver-sort/-/semver-sort-0.0.5.tgz",
			"integrity": "sha512-cIQG7kjdzHcsRrYYkP8N65BogntqItjMjG8uSgPEl1ej4dKj9QC8snCFJb3HHF/Cwqe0s0IflJjUU5wb1yrLDQ==",
			"dev": true,
			"license": "MIT"
		},
		"node_modules/@types/yaml": {
			"version": "1.9.7",
			"resolved": "https://registry.npmjs.org/@types/yaml/-/yaml-1.9.7.tgz",
			"integrity": "sha512-8WMXRDD1D+wCohjfslHDgICd2JtMATZU8CkhH8LVJqcJs6dyYj5TGptzP8wApbmEullGBSsCEzzap73DQ1HJaA==",
			"deprecated": "This is a stub types definition. yaml provides its own type definitions, so you do not need this installed.",
			"dev": true,
			"license": "MIT",
			"dependencies": {
				"yaml": "*"
			}
		},
		"node_modules/@types/yarnpkg__lockfile": {
			"version": "1.1.9",
			"resolved": "https://registry.npmjs.org/@types/yarnpkg__lockfile/-/yarnpkg__lockfile-1.1.9.tgz",
			"integrity": "sha512-GD4Fk15UoP5NLCNor51YdfL9MSdldKCqOC9EssrRw3HVfar9wUZ5y8Lfnp+qVD6hIinLr8ygklDYnmlnlQo12Q==",
			"dev": true,
			"license": "MIT"
		},
		"node_modules/@yarnpkg/lockfile": {
			"version": "1.1.0",
			"resolved": "https://registry.npmjs.org/@yarnpkg/lockfile/-/lockfile-1.1.0.tgz",
			"integrity": "sha512-GpSwvyXOcOOlV70vbnzjj4fW5xW/FdUF6nQEt1ENy7m4ZCczi1+/buVUPAqmGfqznsORNFzUMjctTIp8a9tuCQ==",
			"license": "BSD-2-Clause"
		},
		"node_modules/ohm-js": {
			"version": "17.1.0",
			"resolved": "https://registry.npmjs.org/ohm-js/-/ohm-js-17.1.0.tgz",
			"integrity": "sha512-xc3B5dgAjTBQGHaH7B58M2Pmv6WvzrJ/3/7LeUzXNg0/sY3jQPdSd/S2SstppaleO77rifR1tyhdfFGNIwxf2Q==",
			"license": "MIT",
			"engines": {
				"node": ">=0.12.1"
			}
		},
		"node_modules/pip-requirements-js": {
			"version": "1.0.2",
			"resolved": "https://registry.npmjs.org/pip-requirements-js/-/pip-requirements-js-1.0.2.tgz",
			"integrity": "sha512-awqoNOSOl4Blu4E4Hzp7jL0g8WKEhCwO+s7C2ibtIW3CAJMwspgoTXd4vnHd21UmhdrsI44Pn8FFSuA8QKrzvg==",
			"license": "MPL-2.0",
			"dependencies": {
				"ohm-js": "^17.1.0"
			}
		},
		"node_modules/semver-regex": {
			"version": "3.1.4",
			"resolved": "https://registry.npmjs.org/semver-regex/-/semver-regex-3.1.4.tgz",
			"integrity": "sha512-6IiqeZNgq01qGf0TId0t3NvKzSvUsjcpdEO3AQNeIjR6A2+ckTnQlDpl4qu1bjRv0RzN3FP9hzFmws3lKqRWkA==",
			"license": "MIT",
			"engines": {
				"node": ">=8"
			},
			"funding": {
				"url": "https://github.com/sponsors/sindresorhus"
			}
		},
		"node_modules/semver-sort": {
			"version": "1.0.0",
			"resolved": "https://registry.npmjs.org/semver-sort/-/semver-sort-1.0.0.tgz",
			"integrity": "sha512-JicVlQKz/C//4BiPmbHEDou6HihXxo5xqB/8Hm9FaLJ6HHkRRvYgCECq4u/z0XF8kyJQ/KAZt++A/kYz/oOSSg==",
			"license": "MIT",
			"dependencies": {
				"semver": "^5.0.3",
				"semver-regex": "^3.1.2"
			},
			"engines": {
				"node": ">=0.10.0"
			}
		},
		"node_modules/semver-sort/node_modules/semver": {
			"version": "5.7.2",
			"resolved": "https://registry.npmjs.org/semver/-/semver-5.7.2.tgz",
			"integrity": "sha512-cBznnQ9KjJqU67B52RMC65CMarK2600WFnbkcaiwWq3xy/5haFJlshgnpjovMVJ+Hff49d8GEn0b87C5pDQ10g==",
			"license": "ISC",
			"bin": {
				"semver": "bin/semver"
			}
		},
		"node_modules/smol-toml": {
			"version": "1.4.2",
			"resolved": "https://registry.npmjs.org/smol-toml/-/smol-toml-1.4.2.tgz",
			"integrity": "sha512-rInDH6lCNiEyn3+hH8KVGFdbjc099j47+OSgbMrfDYX1CmXLfdKd7qi6IfcWj2wFxvSVkuI46M+wPGYfEOEj6g==",
			"license": "BSD-3-Clause",
			"engines": {
				"node": ">= 18"
			},
			"funding": {
				"url": "https://github.com/sponsors/cyyynthia"
			}
		},
		"node_modules/typescript": {
			"version": "5.9.3",
			"resolved": "https://registry.npmjs.org/typescript/-/typescript-5.9.3.tgz",
			"integrity": "sha512-jl1vZzPDinLr9eUt3J/t7V6FgNEw9QjvBPdysz9KfQDD41fQrC2Y4vKQdiaUpFT4bXlb1RHhLpp8wtm6M5TgSw==",
			"dev": true,
			"license": "Apache-2.0",
			"bin": {
				"tsc": "bin/tsc",
				"tsserver": "bin/tsserver"
			},
			"engines": {
				"node": ">=14.17"
			}
		},
		"node_modules/undici-types": {
			"version": "7.16.0",
			"resolved": "https://registry.npmjs.org/undici-types/-/undici-types-7.16.0.tgz",
			"integrity": "sha512-Zz+aZWSj8LE6zoxD+xrjh4VfkIG8Ya6LvYkZqtUQGJPZjYl53ypCaUwWqo7eI0x66KBGeRo+mlBEkMSeSZ38Nw==",
			"dev": true,
			"license": "MIT"
		},
		"node_modules/yaml": {
			"version": "2.8.1",
			"resolved": "https://registry.npmjs.org/yaml/-/yaml-2.8.1.tgz",
			"integrity": "sha512-lcYcMxX2PO9XMGvAJkJ3OsNMw+/7FKes7/hgerGUYWIoWu5j/+YQqcZr5JnPZWzOsEBgMbSbiSTn/dv/69Mkpw==",
			"license": "ISC",
			"bin": {
				"yaml": "bin.mjs"
			},
			"engines": {
				"node": ">= 14.6"
			}
		}
	}
}
